
Microsoft Visual Studio Solution File, Format Version 12.00
# Visual Studio Version 16
VisualStudioVersion = 16.0.31605.320
MinimumVisualStudioVersion = 10.0.40219.1
Project("{FAE04EC0-301F-11D3-BF4B-00C04F79EFBC}") = "BlackRiver.WEB", "WEB\BlackRiver.WEB\BlackRiver.WEB.csproj", "{D9DFC0A4-B09A-47B9-ADD6-BEB481F5DDDA}"
EndProject
Project("{FAE04EC0-301F-11D3-BF4B-00C04F79EFBC}") = "BlackRiver.WEB.Tests", "WEB\BlackRiver.WEB.Tests\BlackRiver.WEB.Tests.csproj", "{F331449D-0A91-4779-8356-FE195B2FA9A7}"
EndProject
Project("{2150E333-8FDC-42A3-9474-1A3956D46DE8}") = "Solution Items", "Solution Items", "{749C9642-233D-4597-8E17-5806A0C96925}"
	ProjectSection(SolutionItems) = preProject
		WEB\README.md = WEB\README.md
	EndProjectSection
EndProject
Project("{FAE04EC0-301F-11D3-BF4B-00C04F79EFBC}") = "BlackRiver.API", "Server\BlackRiver.API\BlackRiver.API.csproj", "{52BA7F3E-006D-4055-8000-52F4BC64593E}"
EndProject
Project("{FAE04EC0-301F-11D3-BF4B-00C04F79EFBC}") = "BlackRiver.EntityModels", "Server\BlackRiver.EntityModels\BlackRiver.EntityModels.csproj", "{07BFC6DE-BBC1-426E-A1CC-CE0936906D04}"
EndProject
Project("{FAE04EC0-301F-11D3-BF4B-00C04F79EFBC}") = "BlackRiver.Data", "Server\BlackRiver.Data\BlackRiver.Data.csproj", "{BF0ADF1E-2732-4FE4-8C90-E0A7CF04358E}"
EndProject
Global
	GlobalSection(SolutionConfigurationPlatforms) = preSolution
		Debug|Any CPU = Debug|Any CPU
		Release|Any CPU = Release|Any CPU
	EndGlobalSection
	GlobalSection(ProjectConfigurationPlatforms) = postSolution
		{D9DFC0A4-B09A-47B9-ADD6-BEB481F5DDDA}.Debug|Any CPU.ActiveCfg = Debug|Any CPU
		{D9DFC0A4-B09A-47B9-ADD6-BEB481F5DDDA}.Debug|Any CPU.Build.0 = Debug|Any CPU
		{D9DFC0A4-B09A-47B9-ADD6-BEB481F5DDDA}.Release|Any CPU.ActiveCfg = Release|Any CPU
		{D9DFC0A4-B09A-47B9-ADD6-BEB481F5DDDA}.Release|Any CPU.Build.0 = Release|Any CPU
		{F331449D-0A91-4779-8356-FE195B2FA9A7}.Debug|Any CPU.ActiveCfg = Debug|Any CPU
		{F331449D-0A91-4779-8356-FE195B2FA9A7}.Debug|Any CPU.Build.0 = Debug|Any CPU
		{F331449D-0A91-4779-8356-FE195B2FA9A7}.Release|Any CPU.ActiveCfg = Release|Any CPU
		{F331449D-0A91-4779-8356-FE195B2FA9A7}.Release|Any CPU.Build.0 = Release|Any CPU
		{52BA7F3E-006D-4055-8000-52F4BC64593E}.Debug|Any CPU.ActiveCfg = Debug|Any CPU
		{52BA7F3E-006D-4055-8000-52F4BC64593E}.Debug|Any CPU.Build.0 = Debug|Any CPU
		{52BA7F3E-006D-4055-8000-52F4BC64593E}.Release|Any CPU.ActiveCfg = Release|Any CPU
		{52BA7F3E-006D-4055-8000-52F4BC64593E}.Release|Any CPU.Build.0 = Release|Any CPU
		{07BFC6DE-BBC1-426E-A1CC-CE0936906D04}.Debug|Any CPU.ActiveCfg = Debug|Any CPU
		{07BFC6DE-BBC1-426E-A1CC-CE0936906D04}.Debug|Any CPU.Build.0 = Debug|Any CPU
		{07BFC6DE-BBC1-426E-A1CC-CE0936906D04}.Release|Any CPU.ActiveCfg = Release|Any CPU
		{07BFC6DE-BBC1-426E-A1CC-CE0936906D04}.Release|Any CPU.Build.0 = Release|Any CPU
		{BF0ADF1E-2732-4FE4-8C90-E0A7CF04358E}.Debug|Any CPU.ActiveCfg = Debug|Any CPU
		{BF0ADF1E-2732-4FE4-8C90-E0A7CF04358E}.Debug|Any CPU.Build.0 = Debug|Any CPU
		{BF0ADF1E-2732-4FE4-8C90-E0A7CF04358E}.Release|Any CPU.ActiveCfg = Release|Any CPU
		{BF0ADF1E-2732-4FE4-8C90-E0A7CF04358E}.Release|Any CPU.Build.0 = Release|Any CPU
	EndGlobalSection
	GlobalSection(SolutionProperties) = preSolution
		HideSolutionNode = FALSE
	EndGlobalSection
	GlobalSection(ExtensibilityGlobals) = postSolution
		SolutionGuid = {3B2B2F63-134F-41C7-B9CA-1B3B7DC6DDC3}
	EndGlobalSection
EndGlobal
