
Microsoft Visual Studio Solution File, Format Version 12.00
# Visual Studio Version 16
VisualStudioVersion = 16.0.31605.320
MinimumVisualStudioVersion = 10.0.40219.1
Project("{2150E333-8FDC-42A3-9474-1A3956D46DE8}") = "Solution Items", "Solution Items", "{749C9642-233D-4597-8E17-5806A0C96925}"
	ProjectSection(SolutionItems) = preProject
		WEB\README.md = WEB\README.md
	EndProjectSection
EndProject
Project("{FAE04EC0-301F-11D3-BF4B-00C04F79EFBC}") = "BlackRiver.EntityModels", "Server\BlackRiver.EntityModels\BlackRiver.EntityModels.csproj", "{07BFC6DE-BBC1-426E-A1CC-CE0936906D04}"
EndProject
Project("{9A19103F-16F7-4668-BE54-9A1E7A4F7556}") = "BlackRiver.Data", "Server\BlackRiver.Data\BlackRiver.Data.csproj", "{E6831774-CC3F-4602-B6F9-387D3E501DBA}"
EndProject
Project("{9A19103F-16F7-4668-BE54-9A1E7A4F7556}") = "ConsoleDatabaseTests", "Server\ConsoleDatabaseTests\ConsoleDatabaseTests.csproj", "{22C17C32-A18E-496F-83F3-2577B17AC931}"
EndProject
Project("{9A19103F-16F7-4668-BE54-9A1E7A4F7556}") = "BlackRiver.API", "BlackRiver.API\BlackRiver.API.csproj", "{CED450C6-6F4C-4FA0-BA04-73EFC4C7E019}"
EndProject
Global
	GlobalSection(SolutionConfigurationPlatforms) = preSolution
		Debug|Any CPU = Debug|Any CPU
		Release|Any CPU = Release|Any CPU
	EndGlobalSection
	GlobalSection(ProjectConfigurationPlatforms) = postSolution
		{07BFC6DE-BBC1-426E-A1CC-CE0936906D04}.Debug|Any CPU.ActiveCfg = Debug|Any CPU
		{07BFC6DE-BBC1-426E-A1CC-CE0936906D04}.Debug|Any CPU.Build.0 = Debug|Any CPU
		{07BFC6DE-BBC1-426E-A1CC-CE0936906D04}.Release|Any CPU.ActiveCfg = Release|Any CPU
		{07BFC6DE-BBC1-426E-A1CC-CE0936906D04}.Release|Any CPU.Build.0 = Release|Any CPU
		{E6831774-CC3F-4602-B6F9-387D3E501DBA}.Debug|Any CPU.ActiveCfg = Debug|Any CPU
		{E6831774-CC3F-4602-B6F9-387D3E501DBA}.Debug|Any CPU.Build.0 = Debug|Any CPU
		{E6831774-CC3F-4602-B6F9-387D3E501DBA}.Release|Any CPU.ActiveCfg = Release|Any CPU
		{E6831774-CC3F-4602-B6F9-387D3E501DBA}.Release|Any CPU.Build.0 = Release|Any CPU
		{22C17C32-A18E-496F-83F3-2577B17AC931}.Debug|Any CPU.ActiveCfg = Debug|Any CPU
		{22C17C32-A18E-496F-83F3-2577B17AC931}.Debug|Any CPU.Build.0 = Debug|Any CPU
		{22C17C32-A18E-496F-83F3-2577B17AC931}.Release|Any CPU.ActiveCfg = Release|Any CPU
		{22C17C32-A18E-496F-83F3-2577B17AC931}.Release|Any CPU.Build.0 = Release|Any CPU
		{CED450C6-6F4C-4FA0-BA04-73EFC4C7E019}.Debug|Any CPU.ActiveCfg = Debug|Any CPU
		{CED450C6-6F4C-4FA0-BA04-73EFC4C7E019}.Debug|Any CPU.Build.0 = Debug|Any CPU
		{CED450C6-6F4C-4FA0-BA04-73EFC4C7E019}.Release|Any CPU.ActiveCfg = Release|Any CPU
		{CED450C6-6F4C-4FA0-BA04-73EFC4C7E019}.Release|Any CPU.Build.0 = Release|Any CPU
	EndGlobalSection
	GlobalSection(SolutionProperties) = preSolution
		HideSolutionNode = FALSE
	EndGlobalSection
	GlobalSection(ExtensibilityGlobals) = postSolution
		SolutionGuid = {3B2B2F63-134F-41C7-B9CA-1B3B7DC6DDC3}
	EndGlobalSection
EndGlobal
