
Microsoft Visual Studio Solution File, Format Version 12.00
# Visual Studio Version 16
VisualStudioVersion = 16.0.31205.134
MinimumVisualStudioVersion = 10.0.40219.1
Project("{9A19103F-16F7-4668-BE54-9A1E7A4F7556}") = "BlackRiverDesktop", "Desktop\BlackRiverDesktop\BlackRiverDesktop\BlackRiverDesktop.csproj", "{D028157F-75BF-4036-B829-82A4977EE185}"
EndProject
Global
	GlobalSection(SolutionConfigurationPlatforms) = preSolution
		Debug|Any CPU = Debug|Any CPU
		Release|Any CPU = Release|Any CPU
	EndGlobalSection
	GlobalSection(ProjectConfigurationPlatforms) = postSolution
		{D028157F-75BF-4036-B829-82A4977EE185}.Debug|Any CPU.ActiveCfg = Debug|Any CPU
		{D028157F-75BF-4036-B829-82A4977EE185}.Debug|Any CPU.Build.0 = Debug|Any CPU
		{D028157F-75BF-4036-B829-82A4977EE185}.Release|Any CPU.ActiveCfg = Release|Any CPU
		{D028157F-75BF-4036-B829-82A4977EE185}.Release|Any CPU.Build.0 = Release|Any CPU
	EndGlobalSection
	GlobalSection(SolutionProperties) = preSolution
		HideSolutionNode = FALSE
	EndGlobalSection
	GlobalSection(ExtensibilityGlobals) = postSolution
		SolutionGuid = {883F465D-3878-4BC5-A0F6-72B1B37AACBF}
	EndGlobalSection
EndGlobal
