
Microsoft Visual Studio Solution File, Format Version 12.00
# Visual Studio Version 16
VisualStudioVersion = 16.0.31605.320
MinimumVisualStudioVersion = 10.0.40219.1
Project("{FAE04EC0-301F-11D3-BF4B-00C04F79EFBC}") = "BlackRiver.WEB", "BlackRiver.WEB\BlackRiver.WEB.csproj", "{4C1BA83B-A856-4E12-B46D-AA6FECB0A86B}"
EndProject
Project("{FAE04EC0-301F-11D3-BF4B-00C04F79EFBC}") = "BlackRiver.WEB.Tests", "BlackRiver.WEB.Tests\BlackRiver.WEB.Tests.csproj", "{3D050AFE-5F70-43A8-922B-7A4EA928BA89}"
EndProject
Global
	GlobalSection(SolutionConfigurationPlatforms) = preSolution
		Debug|Any CPU = Debug|Any CPU
		Release|Any CPU = Release|Any CPU
	EndGlobalSection
	GlobalSection(ProjectConfigurationPlatforms) = postSolution
		{4C1BA83B-A856-4E12-B46D-AA6FECB0A86B}.Debug|Any CPU.ActiveCfg = Debug|Any CPU
		{4C1BA83B-A856-4E12-B46D-AA6FECB0A86B}.Debug|Any CPU.Build.0 = Debug|Any CPU
		{4C1BA83B-A856-4E12-B46D-AA6FECB0A86B}.Release|Any CPU.ActiveCfg = Release|Any CPU
		{4C1BA83B-A856-4E12-B46D-AA6FECB0A86B}.Release|Any CPU.Build.0 = Release|Any CPU
		{3D050AFE-5F70-43A8-922B-7A4EA928BA89}.Debug|Any CPU.ActiveCfg = Debug|Any CPU
		{3D050AFE-5F70-43A8-922B-7A4EA928BA89}.Debug|Any CPU.Build.0 = Debug|Any CPU
		{3D050AFE-5F70-43A8-922B-7A4EA928BA89}.Release|Any CPU.ActiveCfg = Release|Any CPU
		{3D050AFE-5F70-43A8-922B-7A4EA928BA89}.Release|Any CPU.Build.0 = Release|Any CPU
	EndGlobalSection
	GlobalSection(SolutionProperties) = preSolution
		HideSolutionNode = FALSE
	EndGlobalSection
	GlobalSection(ExtensibilityGlobals) = postSolution
		SolutionGuid = {3B2B2F63-134F-41C7-B9CA-1B3B7DC6DDC3}
	EndGlobalSection
EndGlobal
