
Microsoft Visual Studio Solution File, Format Version 12.00
# Visual Studio Version 16
VisualStudioVersion = 16.0.31605.320
MinimumVisualStudioVersion = 10.0.40219.1
Project("{FAE04EC0-301F-11D3-BF4B-00C04F79EFBC}") = "WebApplication1", "WebApplication1.csproj", "{A14C45E1-52B0-4882-937A-4E086E946A29}"
EndProject
Global
	GlobalSection(SolutionConfigurationPlatforms) = preSolution
		Debug|Any CPU = Debug|Any CPU
		Release|Any CPU = Release|Any CPU
	EndGlobalSection
	GlobalSection(ProjectConfigurationPlatforms) = postSolution
		{A14C45E1-52B0-4882-937A-4E086E946A29}.Debug|Any CPU.ActiveCfg = Debug|Any CPU
		{A14C45E1-52B0-4882-937A-4E086E946A29}.Debug|Any CPU.Build.0 = Debug|Any CPU
		{A14C45E1-52B0-4882-937A-4E086E946A29}.Release|Any CPU.ActiveCfg = Release|Any CPU
		{A14C45E1-52B0-4882-937A-4E086E946A29}.Release|Any CPU.Build.0 = Release|Any CPU
	EndGlobalSection
	GlobalSection(SolutionProperties) = preSolution
		HideSolutionNode = FALSE
	EndGlobalSection
	GlobalSection(ExtensibilityGlobals) = postSolution
		SolutionGuid = {4220E9FD-31FE-4B1F-9B17-F0EC81BEA132}
	EndGlobalSection
EndGlobal
